
Microsoft Visual Studio Solution File, Format Version 12.00
# Visual Studio Version 17
VisualStudioVersion = 17.4.33205.214
MinimumVisualStudioVersion = 10.0.40219.1
Project("{FAE04EC0-301F-11D3-BF4B-00C04F79EFBC}") = "Simple_Cashier_Application", "Simple_Cashier_Application\Simple_Cashier_Application.csproj", "{EFACC7F5-4563-4FA4-8557-A1556030A1DF}"
EndProject
Global
	GlobalSection(SolutionConfigurationPlatforms) = preSolution
		Debug|Any CPU = Debug|Any CPU
		Release|Any CPU = Release|Any CPU
	EndGlobalSection
	GlobalSection(ProjectConfigurationPlatforms) = postSolution
		{EFACC7F5-4563-4FA4-8557-A1556030A1DF}.Debug|Any CPU.ActiveCfg = Debug|Any CPU
		{EFACC7F5-4563-4FA4-8557-A1556030A1DF}.Debug|Any CPU.Build.0 = Debug|Any CPU
		{EFACC7F5-4563-4FA4-8557-A1556030A1DF}.Release|Any CPU.ActiveCfg = Release|Any CPU
		{EFACC7F5-4563-4FA4-8557-A1556030A1DF}.Release|Any CPU.Build.0 = Release|Any CPU
	EndGlobalSection
	GlobalSection(SolutionProperties) = preSolution
		HideSolutionNode = FALSE
	EndGlobalSection
	GlobalSection(ExtensibilityGlobals) = postSolution
		SolutionGuid = {FA46CF05-A26F-4258-BAFF-04003DC93647}
	EndGlobalSection
EndGlobal
